
Microsoft Visual Studio Solution File, Format Version 12.00
# Visual Studio Version 17
VisualStudioVersion = 17.14.36518.9 d17.14
MinimumVisualStudioVersion = 10.0.40219.1
Project("{FAE04EC0-301F-11D3-BF4B-00C04F79EFBC}") = "AliAndNinoClone", "AliAndNinoClone\AliAndNinoClone.csproj", "{8487F928-0AFA-49FB-B7CD-A6B2E213250C}"
EndProject
Global
	GlobalSection(SolutionConfigurationPlatforms) = preSolution
		Debug|Any CPU = Debug|Any CPU
		Release|Any CPU = Release|Any CPU
	EndGlobalSection
	GlobalSection(ProjectConfigurationPlatforms) = postSolution
		{8487F928-0AFA-49FB-B7CD-A6B2E213250C}.Debug|Any CPU.ActiveCfg = Debug|Any CPU
		{8487F928-0AFA-49FB-B7CD-A6B2E213250C}.Debug|Any CPU.Build.0 = Debug|Any CPU
		{8487F928-0AFA-49FB-B7CD-A6B2E213250C}.Release|Any CPU.ActiveCfg = Release|Any CPU
		{8487F928-0AFA-49FB-B7CD-A6B2E213250C}.Release|Any CPU.Build.0 = Release|Any CPU
	EndGlobalSection
	GlobalSection(SolutionProperties) = preSolution
		HideSolutionNode = FALSE
	EndGlobalSection
	GlobalSection(ExtensibilityGlobals) = postSolution
		SolutionGuid = {EFE301FC-B1B5-485D-9C46-987D5924B3D2}
	EndGlobalSection
EndGlobal
